{
  "name": "behavioral-pro",
  "version": "1.0.0",
  "lockfileVersion": 3,
  "requires": true,
  "packages": {
    "": {
      "name": "behavioral-pro",
      "version": "1.0.0",
      "license": "UNLICENSED",
      "workspaces": [
        "extensions/*",
        "packages/*"
      ]
    },
    "packages/analytics": {
      "name": "@behavioral-pro/analytics",
      "version": "1.0.0",
      "license": "UNLICENSED"
    }
  }
}
